// !$*UTF8*$!
{
	archiveVersion = 1;
	classes = {
	};
	objectVersion = 56;
	objects = {

/* Begin PBXBuildFile section */
		69F75A64B28525762B033BB1 /* Pods_DemoCA.framework in Frameworks */ = {isa = PBXBuildFile; fileRef = 8B00351DA120BD1B05FC93D2 /* Pods_DemoCA.framework */; };
		DC5470342910F43C0027356F /* GithubUser.swift in Sources */ = {isa = PBXBuildFile; fileRef = DC5470332910F43C0027356F /* GithubUser.swift */; };
		DC5470422910F73D0027356F /* AppViewModel.swift in Sources */ = {isa = PBXBuildFile; fileRef = DC5470412910F73D0027356F /* AppViewModel.swift */; };
		DC5470442910F74D0027356F /* AppUseCase.swift in Sources */ = {isa = PBXBuildFile; fileRef = DC5470432910F74D0027356F /* AppUseCase.swift */; };
		DC5470482910F90B0027356F /* SearchViewModel.swift in Sources */ = {isa = PBXBuildFile; fileRef = DC5470472910F90B0027356F /* SearchViewModel.swift */; };
		DC5470522910F9B80027356F /* Bindable.swift in Sources */ = {isa = PBXBuildFile; fileRef = DC5470512910F9B80027356F /* Bindable.swift */; };
		DC5470542910F9C30027356F /* ViewModelType.swift in Sources */ = {isa = PBXBuildFile; fileRef = DC5470532910F9C30027356F /* ViewModelType.swift */; };
		DC5470572910FBB10027356F /* SearchCell.swift in Sources */ = {isa = PBXBuildFile; fileRef = DC5470552910FBB10027356F /* SearchCell.swift */; };
		DC5470582910FBB10027356F /* SearchCell.xib in Resources */ = {isa = PBXBuildFile; fileRef = DC5470562910FBB10027356F /* SearchCell.xib */; };
		DC54705C2910FD2B0027356F /* SearchUseCase.swift in Sources */ = {isa = PBXBuildFile; fileRef = DC54705B2910FD2B0027356F /* SearchUseCase.swift */; };
		DC54705F291106F10027356F /* SearchViewController.swift in Sources */ = {isa = PBXBuildFile; fileRef = DC54705D291106F10027356F /* SearchViewController.swift */; };
		DC547060291106F10027356F /* SearchViewController.xib in Resources */ = {isa = PBXBuildFile; fileRef = DC54705E291106F10027356F /* SearchViewController.xib */; };
		DC8E12082924BC1200767AE6 /* SearchFlow.swift in Sources */ = {isa = PBXBuildFile; fileRef = DC8E12072924BC1200767AE6 /* SearchFlow.swift */; };
		DC9F4AB029150688008EC83C /* APIService.swift in Sources */ = {isa = PBXBuildFile; fileRef = DC9F4AAF29150688008EC83C /* APIService.swift */; };
		DCA8613E2912497A004A7991 /* SharedSequenceConvertibleType+Extension.swift in Sources */ = {isa = PBXBuildFile; fileRef = DCA8613D2912497A004A7991 /* SharedSequenceConvertibleType+Extension.swift */; };
		DCA861402912498E004A7991 /* ObservableType+Extension.swift in Sources */ = {isa = PBXBuildFile; fileRef = DCA8613F2912498E004A7991 /* ObservableType+Extension.swift */; };
		DCA861442912648B004A7991 /* SearchCellViewModel.swift in Sources */ = {isa = PBXBuildFile; fileRef = DCA861432912648B004A7991 /* SearchCellViewModel.swift */; };
		DCD841BD2910EDEB007413C1 /* AppDelegate.swift in Sources */ = {isa = PBXBuildFile; fileRef = DCD841BC2910EDEB007413C1 /* AppDelegate.swift */; };
		DCD841C62910EDEC007413C1 /* Assets.xcassets in Resources */ = {isa = PBXBuildFile; fileRef = DCD841C52910EDEC007413C1 /* Assets.xcassets */; };
		DCD841C92910EDEC007413C1 /* LaunchScreen.storyboard in Resources */ = {isa = PBXBuildFile; fileRef = DCD841C72910EDEC007413C1 /* LaunchScreen.storyboard */; };
		DCEB30DF291CA73600BEC3C8 /* Steps.swift in Sources */ = {isa = PBXBuildFile; fileRef = DCEB30DE291CA73600BEC3C8 /* Steps.swift */; };
		DCEB30E1291CA84900BEC3C8 /* AppFlow.swift in Sources */ = {isa = PBXBuildFile; fileRef = DCEB30E0291CA84900BEC3C8 /* AppFlow.swift */; };
/* End PBXBuildFile section */

/* Begin PBXFileReference section */
		65C3010F82356523E0D1777F /* Pods-DemoCA.release.xcconfig */ = {isa = PBXFileReference; includeInIndex = 1; lastKnownFileType = text.xcconfig; name = "Pods-DemoCA.release.xcconfig"; path = "Target Support Files/Pods-DemoCA/Pods-DemoCA.release.xcconfig"; sourceTree = "<group>"; };
		8B00351DA120BD1B05FC93D2 /* Pods_DemoCA.framework */ = {isa = PBXFileReference; explicitFileType = wrapper.framework; includeInIndex = 0; path = Pods_DemoCA.framework; sourceTree = BUILT_PRODUCTS_DIR; };
		9D121E50BA2BC7A85711D9E0 /* Pods-DemoCA.debug.xcconfig */ = {isa = PBXFileReference; includeInIndex = 1; lastKnownFileType = text.xcconfig; name = "Pods-DemoCA.debug.xcconfig"; path = "Target Support Files/Pods-DemoCA/Pods-DemoCA.debug.xcconfig"; sourceTree = "<group>"; };
		DC5470332910F43C0027356F /* GithubUser.swift */ = {isa = PBXFileReference; lastKnownFileType = sourcecode.swift; path = GithubUser.swift; sourceTree = "<group>"; };
		DC5470412910F73D0027356F /* AppViewModel.swift */ = {isa = PBXFileReference; lastKnownFileType = sourcecode.swift; path = AppViewModel.swift; sourceTree = "<group>"; };
		DC5470432910F74D0027356F /* AppUseCase.swift */ = {isa = PBXFileReference; lastKnownFileType = sourcecode.swift; path = AppUseCase.swift; sourceTree = "<group>"; };
		DC5470472910F90B0027356F /* SearchViewModel.swift */ = {isa = PBXFileReference; lastKnownFileType = sourcecode.swift; path = SearchViewModel.swift; sourceTree = "<group>"; };
		DC5470512910F9B80027356F /* Bindable.swift */ = {isa = PBXFileReference; lastKnownFileType = sourcecode.swift; path = Bindable.swift; sourceTree = "<group>"; };
		DC5470532910F9C30027356F /* ViewModelType.swift */ = {isa = PBXFileReference; lastKnownFileType = sourcecode.swift; path = ViewModelType.swift; sourceTree = "<group>"; };
		DC5470552910FBB10027356F /* SearchCell.swift */ = {isa = PBXFileReference; lastKnownFileType = sourcecode.swift; path = SearchCell.swift; sourceTree = "<group>"; };
		DC5470562910FBB10027356F /* SearchCell.xib */ = {isa = PBXFileReference; lastKnownFileType = file.xib; path = SearchCell.xib; sourceTree = "<group>"; };
		DC54705B2910FD2B0027356F /* SearchUseCase.swift */ = {isa = PBXFileReference; lastKnownFileType = sourcecode.swift; path = SearchUseCase.swift; sourceTree = "<group>"; };
		DC54705D291106F10027356F /* SearchViewController.swift */ = {isa = PBXFileReference; lastKnownFileType = sourcecode.swift; path = SearchViewController.swift; sourceTree = "<group>"; };
		DC54705E291106F10027356F /* SearchViewController.xib */ = {isa = PBXFileReference; lastKnownFileType = file.xib; path = SearchViewController.xib; sourceTree = "<group>"; };
		DC8E12072924BC1200767AE6 /* SearchFlow.swift */ = {isa = PBXFileReference; lastKnownFileType = sourcecode.swift; path = SearchFlow.swift; sourceTree = "<group>"; };
		DC9F4AAF29150688008EC83C /* APIService.swift */ = {isa = PBXFileReference; lastKnownFileType = sourcecode.swift; path = APIService.swift; sourceTree = "<group>"; };
		DCA8613D2912497A004A7991 /* SharedSequenceConvertibleType+Extension.swift */ = {isa = PBXFileReference; lastKnownFileType = sourcecode.swift; path = "SharedSequenceConvertibleType+Extension.swift"; sourceTree = "<group>"; };
		DCA8613F2912498E004A7991 /* ObservableType+Extension.swift */ = {isa = PBXFileReference; lastKnownFileType = sourcecode.swift; path = "ObservableType+Extension.swift"; sourceTree = "<group>"; };
		DCA861432912648B004A7991 /* SearchCellViewModel.swift */ = {isa = PBXFileReference; lastKnownFileType = sourcecode.swift; path = SearchCellViewModel.swift; sourceTree = "<group>"; };
		DCD841B92910EDEB007413C1 /* DemoCA.app */ = {isa = PBXFileReference; explicitFileType = wrapper.application; includeInIndex = 0; path = DemoCA.app; sourceTree = BUILT_PRODUCTS_DIR; };
		DCD841BC2910EDEB007413C1 /* AppDelegate.swift */ = {isa = PBXFileReference; lastKnownFileType = sourcecode.swift; path = AppDelegate.swift; sourceTree = "<group>"; };
		DCD841C52910EDEC007413C1 /* Assets.xcassets */ = {isa = PBXFileReference; lastKnownFileType = folder.assetcatalog; path = Assets.xcassets; sourceTree = "<group>"; };
		DCD841C82910EDEC007413C1 /* Base */ = {isa = PBXFileReference; lastKnownFileType = file.storyboard; name = Base; path = Base.lproj/LaunchScreen.storyboard; sourceTree = "<group>"; };
		DCD841CA2910EDEC007413C1 /* Info.plist */ = {isa = PBXFileReference; lastKnownFileType = text.plist.xml; path = Info.plist; sourceTree = "<group>"; };
		DCEB30DE291CA73600BEC3C8 /* Steps.swift */ = {isa = PBXFileReference; lastKnownFileType = sourcecode.swift; path = Steps.swift; sourceTree = "<group>"; };
		DCEB30E0291CA84900BEC3C8 /* AppFlow.swift */ = {isa = PBXFileReference; lastKnownFileType = sourcecode.swift; path = AppFlow.swift; sourceTree = "<group>"; };
/* End PBXFileReference section */

/* Begin PBXFrameworksBuildPhase section */
		DCD841B62910EDEB007413C1 /* Frameworks */ = {
			isa = PBXFrameworksBuildPhase;
			buildActionMask = 2147483647;
			files = (
				69F75A64B28525762B033BB1 /* Pods_DemoCA.framework in Frameworks */,
			);
			runOnlyForDeploymentPostprocessing = 0;
		};
/* End PBXFrameworksBuildPhase section */

/* Begin PBXGroup section */
		0A97BE1E7BFE210E5D400B92 /* Frameworks */ = {
			isa = PBXGroup;
			children = (
				8B00351DA120BD1B05FC93D2 /* Pods_DemoCA.framework */,
			);
			name = Frameworks;
			sourceTree = "<group>";
		};
		C9232FAA2E15074C52D2AB57 /* Pods */ = {
			isa = PBXGroup;
			children = (
				9D121E50BA2BC7A85711D9E0 /* Pods-DemoCA.debug.xcconfig */,
				65C3010F82356523E0D1777F /* Pods-DemoCA.release.xcconfig */,
			);
			path = Pods;
			sourceTree = "<group>";
		};
		DC5470312910F4180027356F /* Domain */ = {
			isa = PBXGroup;
			children = (
				DC5470322910F4210027356F /* Entities */,
			);
			path = Domain;
			sourceTree = "<group>";
		};
		DC5470322910F4210027356F /* Entities */ = {
			isa = PBXGroup;
			children = (
				DC5470332910F43C0027356F /* GithubUser.swift */,
			);
			path = Entities;
			sourceTree = "<group>";
		};
		DC5470352910F5390027356F /* Data */ = {
			isa = PBXGroup;
			children = (
				DC9F4AAE2915066F008EC83C /* API */,
			);
			path = Data;
			sourceTree = "<group>";
		};
		DC5470362910F5460027356F /*  Core */ = {
			isa = PBXGroup;
			children = (
				DCEB30DB291CA22D00BEC3C8 /* Flows */,
				DC54703A2910F6F50027356F /* App */,
				DCEB30DC291CA24B00BEC3C8 /* Screens */,
			);
			path = " Core";
			sourceTree = "<group>";
		};
		DC54703A2910F6F50027356F /* App */ = {
			isa = PBXGroup;
			children = (
				DCD841BC2910EDEB007413C1 /* AppDelegate.swift */,
				DC5470412910F73D0027356F /* AppViewModel.swift */,
				DC5470432910F74D0027356F /* AppUseCase.swift */,
			);
			path = App;
			sourceTree = "<group>";
		};
		DC54703C2910F70C0027356F /* Search */ = {
			isa = PBXGroup;
			children = (
				DC5470472910F90B0027356F /* SearchViewModel.swift */,
				DC54705B2910FD2B0027356F /* SearchUseCase.swift */,
				DC54705D291106F10027356F /* SearchViewController.swift */,
				DC54705E291106F10027356F /* SearchViewController.xib */,
				DC54704F2910F94C0027356F /* SearchTableViewCell */,
			);
			path = Search;
			sourceTree = "<group>";
		};
		DC54704F2910F94C0027356F /* SearchTableViewCell */ = {
			isa = PBXGroup;
			children = (
				DCA861432912648B004A7991 /* SearchCellViewModel.swift */,
				DC5470552910FBB10027356F /* SearchCell.swift */,
				DC5470562910FBB10027356F /* SearchCell.xib */,
			);
			path = SearchTableViewCell;
			sourceTree = "<group>";
		};
		DC5470502910F9810027356F /* Common */ = {
			isa = PBXGroup;
			children = (
				DC5470512910F9B80027356F /* Bindable.swift */,
				DC5470532910F9C30027356F /* ViewModelType.swift */,
			);
			path = Common;
			sourceTree = "<group>";
		};
		DC9F4AAE2915066F008EC83C /* API */ = {
			isa = PBXGroup;
			children = (
				DC9F4AAF29150688008EC83C /* APIService.swift */,
			);
			path = API;
			sourceTree = "<group>";
		};
		DCA8613C2912496A004A7991 /* Extensions */ = {
			isa = PBXGroup;
			children = (
				DCA8613D2912497A004A7991 /* SharedSequenceConvertibleType+Extension.swift */,
				DCA8613F2912498E004A7991 /* ObservableType+Extension.swift */,
			);
			path = Extensions;
			sourceTree = "<group>";
		};
		DCD841B02910EDEB007413C1 = {
			isa = PBXGroup;
			children = (
				DCD841BB2910EDEB007413C1 /* DemoCA */,
				DCD841BA2910EDEB007413C1 /* Products */,
				C9232FAA2E15074C52D2AB57 /* Pods */,
				0A97BE1E7BFE210E5D400B92 /* Frameworks */,
			);
			sourceTree = "<group>";
		};
		DCD841BA2910EDEB007413C1 /* Products */ = {
			isa = PBXGroup;
			children = (
				DCD841B92910EDEB007413C1 /* DemoCA.app */,
			);
			name = Products;
			sourceTree = "<group>";
		};
		DCD841BB2910EDEB007413C1 /* DemoCA */ = {
			isa = PBXGroup;
			children = (
				DCA8613C2912496A004A7991 /* Extensions */,
				DC5470502910F9810027356F /* Common */,
				DC5470362910F5460027356F /*  Core */,
				DC5470352910F5390027356F /* Data */,
				DC5470312910F4180027356F /* Domain */,
				DCD841C52910EDEC007413C1 /* Assets.xcassets */,
				DCD841C72910EDEC007413C1 /* LaunchScreen.storyboard */,
				DCD841CA2910EDEC007413C1 /* Info.plist */,
			);
			path = DemoCA;
			sourceTree = "<group>";
		};
		DCEB30DB291CA22D00BEC3C8 /* Flows */ = {
			isa = PBXGroup;
			children = (
				DCEB30DE291CA73600BEC3C8 /* Steps.swift */,
				DCEB30E0291CA84900BEC3C8 /* AppFlow.swift */,
				DC8E12072924BC1200767AE6 /* SearchFlow.swift */,
			);
			path = Flows;
			sourceTree = "<group>";
		};
		DCEB30DC291CA24B00BEC3C8 /* Screens */ = {
			isa = PBXGroup;
			children = (
				DC54703C2910F70C0027356F /* Search */,
			);
			path = Screens;
			sourceTree = "<group>";
		};
/* End PBXGroup section */

/* Begin PBXNativeTarget section */
		DCD841B82910EDEB007413C1 /* DemoCA */ = {
			isa = PBXNativeTarget;
			buildConfigurationList = DCD841CD2910EDEC007413C1 /* Build configuration list for PBXNativeTarget "DemoCA" */;
			buildPhases = (
				3704B132680BA1B4BAF45BCF /* [CP] Check Pods Manifest.lock */,
				DCD841B52910EDEB007413C1 /* Sources */,
				DCD841B62910EDEB007413C1 /* Frameworks */,
				DCD841B72910EDEB007413C1 /* Resources */,
				507C6F86777B24A4AFD26861 /* [CP] Embed Pods Frameworks */,
			);
			buildRules = (
			);
			dependencies = (
			);
			name = DemoCA;
			productName = DemoCA;
			productReference = DCD841B92910EDEB007413C1 /* DemoCA.app */;
			productType = "com.apple.product-type.application";
		};
/* End PBXNativeTarget section */

/* Begin PBXProject section */
		DCD841B12910EDEB007413C1 /* Project object */ = {
			isa = PBXProject;
			attributes = {
				BuildIndependentTargetsInParallel = 1;
				LastSwiftUpdateCheck = 1400;
				LastUpgradeCheck = 1400;
				TargetAttributes = {
					DCD841B82910EDEB007413C1 = {
						CreatedOnToolsVersion = 14.0.1;
					};
				};
			};
			buildConfigurationList = DCD841B42910EDEB007413C1 /* Build configuration list for PBXProject "DemoCA" */;
			compatibilityVersion = "Xcode 14.0";
			developmentRegion = en;
			hasScannedForEncodings = 0;
			knownRegions = (
				en,
				Base,
			);
			mainGroup = DCD841B02910EDEB007413C1;
			productRefGroup = DCD841BA2910EDEB007413C1 /* Products */;
			projectDirPath = "";
			projectRoot = "";
			targets = (
				DCD841B82910EDEB007413C1 /* DemoCA */,
			);
		};
/* End PBXProject section */

/* Begin PBXResourcesBuildPhase section */
		DCD841B72910EDEB007413C1 /* Resources */ = {
			isa = PBXResourcesBuildPhase;
			buildActionMask = 2147483647;
			files = (
				DCD841C92910EDEC007413C1 /* LaunchScreen.storyboard in Resources */,
				DC5470582910FBB10027356F /* SearchCell.xib in Resources */,
				DC547060291106F10027356F /* SearchViewController.xib in Resources */,
				DCD841C62910EDEC007413C1 /* Assets.xcassets in Resources */,
			);
			runOnlyForDeploymentPostprocessing = 0;
		};
/* End PBXResourcesBuildPhase section */

/* Begin PBXShellScriptBuildPhase section */
		3704B132680BA1B4BAF45BCF /* [CP] Check Pods Manifest.lock */ = {
			isa = PBXShellScriptBuildPhase;
			buildActionMask = 2147483647;
			files = (
			);
			inputFileListPaths = (
			);
			inputPaths = (
				"${PODS_PODFILE_DIR_PATH}/Podfile.lock",
				"${PODS_ROOT}/Manifest.lock",
			);
			name = "[CP] Check Pods Manifest.lock";
			outputFileListPaths = (
			);
			outputPaths = (
				"$(DERIVED_FILE_DIR)/Pods-DemoCA-checkManifestLockResult.txt",
			);
			runOnlyForDeploymentPostprocessing = 0;
			shellPath = /bin/sh;
			shellScript = "diff \"${PODS_PODFILE_DIR_PATH}/Podfile.lock\" \"${PODS_ROOT}/Manifest.lock\" > /dev/null\nif [ $? != 0 ] ; then\n    # print error to STDERR\n    echo \"error: The sandbox is not in sync with the Podfile.lock. Run 'pod install' or update your CocoaPods installation.\" >&2\n    exit 1\nfi\n# This output is used by Xcode 'outputs' to avoid re-running this script phase.\necho \"SUCCESS\" > \"${SCRIPT_OUTPUT_FILE_0}\"\n";
			showEnvVarsInLog = 0;
		};
		507C6F86777B24A4AFD26861 /* [CP] Embed Pods Frameworks */ = {
			isa = PBXShellScriptBuildPhase;
			buildActionMask = 2147483647;
			files = (
			);
			inputFileListPaths = (
				"${PODS_ROOT}/Target Support Files/Pods-DemoCA/Pods-DemoCA-frameworks-${CONFIGURATION}-input-files.xcfilelist",
			);
			name = "[CP] Embed Pods Frameworks";
			outputFileListPaths = (
				"${PODS_ROOT}/Target Support Files/Pods-DemoCA/Pods-DemoCA-frameworks-${CONFIGURATION}-output-files.xcfilelist",
			);
			runOnlyForDeploymentPostprocessing = 0;
			shellPath = /bin/sh;
			shellScript = "\"${PODS_ROOT}/Target Support Files/Pods-DemoCA/Pods-DemoCA-frameworks.sh\"\n";
			showEnvVarsInLog = 0;
		};
/* End PBXShellScriptBuildPhase section */

/* Begin PBXSourcesBuildPhase section */
		DCD841B52910EDEB007413C1 /* Sources */ = {
			isa = PBXSourcesBuildPhase;
			buildActionMask = 2147483647;
			files = (
				DC54705F291106F10027356F /* SearchViewController.swift in Sources */,
				DCEB30E1291CA84900BEC3C8 /* AppFlow.swift in Sources */,
				DC5470522910F9B80027356F /* Bindable.swift in Sources */,
				DC9F4AB029150688008EC83C /* APIService.swift in Sources */,
				DC5470482910F90B0027356F /* SearchViewModel.swift in Sources */,
				DC5470342910F43C0027356F /* GithubUser.swift in Sources */,
				DC8E12082924BC1200767AE6 /* SearchFlow.swift in Sources */,
				DC5470422910F73D0027356F /* AppViewModel.swift in Sources */,
				DCEB30DF291CA73600BEC3C8 /* Steps.swift in Sources */,
				DC5470572910FBB10027356F /* SearchCell.swift in Sources */,
				DC5470542910F9C30027356F /* ViewModelType.swift in Sources */,
				DCA861442912648B004A7991 /* SearchCellViewModel.swift in Sources */,
				DCA8613E2912497A004A7991 /* SharedSequenceConvertibleType+Extension.swift in Sources */,
				DCD841BD2910EDEB007413C1 /* AppDelegate.swift in Sources */,
				DC5470442910F74D0027356F /* AppUseCase.swift in Sources */,
				DCA861402912498E004A7991 /* ObservableType+Extension.swift in Sources */,
				DC54705C2910FD2B0027356F /* SearchUseCase.swift in Sources */,
			);
			runOnlyForDeploymentPostprocessing = 0;
		};
/* End PBXSourcesBuildPhase section */

/* Begin PBXVariantGroup section */
		DCD841C72910EDEC007413C1 /* LaunchScreen.storyboard */ = {
			isa = PBXVariantGroup;
			children = (
				DCD841C82910EDEC007413C1 /* Base */,
			);
			name = LaunchScreen.storyboard;
			sourceTree = "<group>";
		};
/* End PBXVariantGroup section */

/* Begin XCBuildConfiguration section */
		DCD841CB2910EDEC007413C1 /* Debug */ = {
			isa = XCBuildConfiguration;
			buildSettings = {
				ALWAYS_SEARCH_USER_PATHS = NO;
				CLANG_ANALYZER_NONNULL = YES;
				CLANG_ANALYZER_NUMBER_OBJECT_CONVERSION = YES_AGGRESSIVE;
				CLANG_CXX_LANGUAGE_STANDARD = "gnu++20";
				CLANG_ENABLE_MODULES = YES;
				CLANG_ENABLE_OBJC_ARC = YES;
				CLANG_ENABLE_OBJC_WEAK = YES;
				CLANG_WARN_BLOCK_CAPTURE_AUTORELEASING = YES;
				CLANG_WARN_BOOL_CONVERSION = YES;
				CLANG_WARN_COMMA = YES;
				CLANG_WARN_CONSTANT_CONVERSION = YES;
				CLANG_WARN_DEPRECATED_OBJC_IMPLEMENTATIONS = YES;
				CLANG_WARN_DIRECT_OBJC_ISA_USAGE = YES_ERROR;
				CLANG_WARN_DOCUMENTATION_COMMENTS = YES;
				CLANG_WARN_EMPTY_BODY = YES;
				CLANG_WARN_ENUM_CONVERSION = YES;
				CLANG_WARN_INFINITE_RECURSION = YES;
				CLANG_WARN_INT_CONVERSION = YES;
				CLANG_WARN_NON_LITERAL_NULL_CONVERSION = YES;
				CLANG_WARN_OBJC_IMPLICIT_RETAIN_SELF = YES;
				CLANG_WARN_OBJC_LITERAL_CONVERSION = YES;
				CLANG_WARN_OBJC_ROOT_CLASS = YES_ERROR;
				CLANG_WARN_QUOTED_INCLUDE_IN_FRAMEWORK_HEADER = YES;
				CLANG_WARN_RANGE_LOOP_ANALYSIS = YES;
				CLANG_WARN_STRICT_PROTOTYPES = YES;
				CLANG_WARN_SUSPICIOUS_MOVE = YES;
				CLANG_WARN_UNGUARDED_AVAILABILITY = YES_AGGRESSIVE;
				CLANG_WARN_UNREACHABLE_CODE = YES;
				CLANG_WARN__DUPLICATE_METHOD_MATCH = YES;
				COPY_PHASE_STRIP = NO;
				DEBUG_INFORMATION_FORMAT = dwarf;
				ENABLE_STRICT_OBJC_MSGSEND = YES;
				ENABLE_TESTABILITY = YES;
				GCC_C_LANGUAGE_STANDARD = gnu11;
				GCC_DYNAMIC_NO_PIC = NO;
				GCC_NO_COMMON_BLOCKS = YES;
				GCC_OPTIMIZATION_LEVEL = 0;
				GCC_PREPROCESSOR_DEFINITIONS = (
					"DEBUG=1",
					"$(inherited)",
				);
				GCC_WARN_64_TO_32_BIT_CONVERSION = YES;
				GCC_WARN_ABOUT_RETURN_TYPE = YES_ERROR;
				GCC_WARN_UNDECLARED_SELECTOR = YES;
				GCC_WARN_UNINITIALIZED_AUTOS = YES_AGGRESSIVE;
				GCC_WARN_UNUSED_FUNCTION = YES;
				GCC_WARN_UNUSED_VARIABLE = YES;
				IPHONEOS_DEPLOYMENT_TARGET = 16.0;
				MTL_ENABLE_DEBUG_INFO = INCLUDE_SOURCE;
				MTL_FAST_MATH = YES;
				ONLY_ACTIVE_ARCH = YES;
				SDKROOT = iphoneos;
				SWIFT_ACTIVE_COMPILATION_CONDITIONS = DEBUG;
				SWIFT_OPTIMIZATION_LEVEL = "-Onone";
			};
			name = Debug;
		};
		DCD841CC2910EDEC007413C1 /* Release */ = {
			isa = XCBuildConfiguration;
			buildSettings = {
				ALWAYS_SEARCH_USER_PATHS = NO;
				CLANG_ANALYZER_NONNULL = YES;
				CLANG_ANALYZER_NUMBER_OBJECT_CONVERSION = YES_AGGRESSIVE;
				CLANG_CXX_LANGUAGE_STANDARD = "gnu++20";
				CLANG_ENABLE_MODULES = YES;
				CLANG_ENABLE_OBJC_ARC = YES;
				CLANG_ENABLE_OBJC_WEAK = YES;
				CLANG_WARN_BLOCK_CAPTURE_AUTORELEASING = YES;
				CLANG_WARN_BOOL_CONVERSION = YES;
				CLANG_WARN_COMMA = YES;
				CLANG_WARN_CONSTANT_CONVERSION = YES;
				CLANG_WARN_DEPRECATED_OBJC_IMPLEMENTATIONS = YES;
				CLANG_WARN_DIRECT_OBJC_ISA_USAGE = YES_ERROR;
				CLANG_WARN_DOCUMENTATION_COMMENTS = YES;
				CLANG_WARN_EMPTY_BODY = YES;
				CLANG_WARN_ENUM_CONVERSION = YES;
				CLANG_WARN_INFINITE_RECURSION = YES;
				CLANG_WARN_INT_CONVERSION = YES;
				CLANG_WARN_NON_LITERAL_NULL_CONVERSION = YES;
				CLANG_WARN_OBJC_IMPLICIT_RETAIN_SELF = YES;
				CLANG_WARN_OBJC_LITERAL_CONVERSION = YES;
				CLANG_WARN_OBJC_ROOT_CLASS = YES_ERROR;
				CLANG_WARN_QUOTED_INCLUDE_IN_FRAMEWORK_HEADER = YES;
				CLANG_WARN_RANGE_LOOP_ANALYSIS = YES;
				CLANG_WARN_STRICT_PROTOTYPES = YES;
				CLANG_WARN_SUSPICIOUS_MOVE = YES;
				CLANG_WARN_UNGUARDED_AVAILABILITY = YES_AGGRESSIVE;
				CLANG_WARN_UNREACHABLE_CODE = YES;
				CLANG_WARN__DUPLICATE_METHOD_MATCH = YES;
				COPY_PHASE_STRIP = NO;
				DEBUG_INFORMATION_FORMAT = "dwarf-with-dsym";
				ENABLE_NS_ASSERTIONS = NO;
				ENABLE_STRICT_OBJC_MSGSEND = YES;
				GCC_C_LANGUAGE_STANDARD = gnu11;
				GCC_NO_COMMON_BLOCKS = YES;
				GCC_WARN_64_TO_32_BIT_CONVERSION = YES;
				GCC_WARN_ABOUT_RETURN_TYPE = YES_ERROR;
				GCC_WARN_UNDECLARED_SELECTOR = YES;
				GCC_WARN_UNINITIALIZED_AUTOS = YES_AGGRESSIVE;
				GCC_WARN_UNUSED_FUNCTION = YES;
				GCC_WARN_UNUSED_VARIABLE = YES;
				IPHONEOS_DEPLOYMENT_TARGET = 16.0;
				MTL_ENABLE_DEBUG_INFO = NO;
				MTL_FAST_MATH = YES;
				SDKROOT = iphoneos;
				SWIFT_COMPILATION_MODE = wholemodule;
				SWIFT_OPTIMIZATION_LEVEL = "-O";
				VALIDATE_PRODUCT = YES;
			};
			name = Release;
		};
		DCD841CE2910EDEC007413C1 /* Debug */ = {
			isa = XCBuildConfiguration;
			baseConfigurationReference = 9D121E50BA2BC7A85711D9E0 /* Pods-DemoCA.debug.xcconfig */;
			buildSettings = {
				ASSETCATALOG_COMPILER_APPICON_NAME = AppIcon;
				ASSETCATALOG_COMPILER_GLOBAL_ACCENT_COLOR_NAME = AccentColor;
				CODE_SIGN_STYLE = Automatic;
				CURRENT_PROJECT_VERSION = 1;
				DEVELOPMENT_TEAM = 97A784X9WH;
				GENERATE_INFOPLIST_FILE = YES;
				INFOPLIST_FILE = DemoCA/Info.plist;
				INFOPLIST_KEY_UIApplicationSupportsIndirectInputEvents = YES;
				INFOPLIST_KEY_UILaunchStoryboardName = LaunchScreen;
				INFOPLIST_KEY_UISupportedInterfaceOrientations = UIInterfaceOrientationPortrait;
				INFOPLIST_KEY_UISupportedInterfaceOrientations_iPad = "UIInterfaceOrientationLandscapeLeft UIInterfaceOrientationLandscapeRight UIInterfaceOrientationPortrait UIInterfaceOrientationPortraitUpsideDown";
				LD_RUNPATH_SEARCH_PATHS = (
					"$(inherited)",
					"@executable_path/Frameworks",
				);
				MARKETING_VERSION = 1.0;
				PRODUCT_BUNDLE_IDENTIFIER = "Sun-.DemoCA";
				PRODUCT_NAME = "$(TARGET_NAME)";
				SWIFT_EMIT_LOC_STRINGS = YES;
				SWIFT_VERSION = 5.0;
				TARGETED_DEVICE_FAMILY = "1,2";
			};
			name = Debug;
		};
		DCD841CF2910EDEC007413C1 /* Release */ = {
			isa = XCBuildConfiguration;
			baseConfigurationReference = 65C3010F82356523E0D1777F /* Pods-DemoCA.release.xcconfig */;
			buildSettings = {
				ASSETCATALOG_COMPILER_APPICON_NAME = AppIcon;
				ASSETCATALOG_COMPILER_GLOBAL_ACCENT_COLOR_NAME = AccentColor;
				CODE_SIGN_STYLE = Automatic;
				CURRENT_PROJECT_VERSION = 1;
				DEVELOPMENT_TEAM = 97A784X9WH;
				GENERATE_INFOPLIST_FILE = YES;
				INFOPLIST_FILE = DemoCA/Info.plist;
				INFOPLIST_KEY_UIApplicationSupportsIndirectInputEvents = YES;
				INFOPLIST_KEY_UILaunchStoryboardName = LaunchScreen;
				INFOPLIST_KEY_UISupportedInterfaceOrientations = UIInterfaceOrientationPortrait;
				INFOPLIST_KEY_UISupportedInterfaceOrientations_iPad = "UIInterfaceOrientationLandscapeLeft UIInterfaceOrientationLandscapeRight UIInterfaceOrientationPortrait UIInterfaceOrientationPortraitUpsideDown";
				LD_RUNPATH_SEARCH_PATHS = (
					"$(inherited)",
					"@executable_path/Frameworks",
				);
				MARKETING_VERSION = 1.0;
				PRODUCT_BUNDLE_IDENTIFIER = "Sun-.DemoCA";
				PRODUCT_NAME = "$(TARGET_NAME)";
				SWIFT_EMIT_LOC_STRINGS = YES;
				SWIFT_VERSION = 5.0;
				TARGETED_DEVICE_FAMILY = "1,2";
			};
			name = Release;
		};
/* End XCBuildConfiguration section */

/* Begin XCConfigurationList section */
		DCD841B42910EDEB007413C1 /* Build configuration list for PBXProject "DemoCA" */ = {
			isa = XCConfigurationList;
			buildConfigurations = (
				DCD841CB2910EDEC007413C1 /* Debug */,
				DCD841CC2910EDEC007413C1 /* Release */,
			);
			defaultConfigurationIsVisible = 0;
			defaultConfigurationName = Release;
		};
		DCD841CD2910EDEC007413C1 /* Build configuration list for PBXNativeTarget "DemoCA" */ = {
			isa = XCConfigurationList;
			buildConfigurations = (
				DCD841CE2910EDEC007413C1 /* Debug */,
				DCD841CF2910EDEC007413C1 /* Release */,
			);
			defaultConfigurationIsVisible = 0;
			defaultConfigurationName = Release;
		};
/* End XCConfigurationList section */
	};
	rootObject = DCD841B12910EDEB007413C1 /* Project object */;
}
